
Microsoft Visual Studio Solution File, Format Version 12.00
Project("{FAE04EC0-301F-11D3-BF4B-00C04F79EFBC}") = "SecondQuartzTest", "SecondQuartzTest\SecondQuartzTest.csproj", "{151A3C1D-5CAA-48B8-82E5-7D3323C8F611}"
EndProject
Global
	GlobalSection(SolutionConfigurationPlatforms) = preSolution
		Debug|Any CPU = Debug|Any CPU
		Release|Any CPU = Release|Any CPU
	EndGlobalSection
	GlobalSection(ProjectConfigurationPlatforms) = postSolution
		{151A3C1D-5CAA-48B8-82E5-7D3323C8F611}.Debug|Any CPU.ActiveCfg = Debug|Any CPU
		{151A3C1D-5CAA-48B8-82E5-7D3323C8F611}.Debug|Any CPU.Build.0 = Debug|Any CPU
		{151A3C1D-5CAA-48B8-82E5-7D3323C8F611}.Release|Any CPU.ActiveCfg = Release|Any CPU
		{151A3C1D-5CAA-48B8-82E5-7D3323C8F611}.Release|Any CPU.Build.0 = Release|Any CPU
	EndGlobalSection
EndGlobal
